
Microsoft Visual Studio Solution File, Format Version 12.00
# Visual Studio Version 17
VisualStudioVersion = 17.0.31903.59
MinimumVisualStudioVersion = 10.0.40219.1
Project("{FAE04EC0-301F-11D3-BF4B-00C04F79EFBC}") = "Server.Api", "Server.Api\Server.Api.csproj", "{81862101-2BBD-41ED-A4E2-2011DBE4336B}"
EndProject
Project("{FAE04EC0-301F-11D3-BF4B-00C04F79EFBC}") = "Server.Domain", "Server.Domain\Server.Domain.csproj", "{22203C05-0854-49BC-AF37-007C420B1657}"
EndProject
Project("{FAE04EC0-301F-11D3-BF4B-00C04F79EFBC}") = "Server.Application", "Server.Application\Server.Application.csproj", "{8B662431-093B-4A61-80E6-67A599D82E18}"
EndProject
Project("{FAE04EC0-301F-11D3-BF4B-00C04F79EFBC}") = "Server.Infrastructure", "Server.Infrastructure\Server.Infrastructure.csproj", "{8D08BB6B-8AB4-41D1-AD06-D7A3591F6322}"
EndProject
Global
	GlobalSection(SolutionConfigurationPlatforms) = preSolution
		Debug|Any CPU = Debug|Any CPU
		Debug|x64 = Debug|x64
		Debug|x86 = Debug|x86
		Release|Any CPU = Release|Any CPU
		Release|x64 = Release|x64
		Release|x86 = Release|x86
	EndGlobalSection
	GlobalSection(ProjectConfigurationPlatforms) = postSolution
		{81862101-2BBD-41ED-A4E2-2011DBE4336B}.Debug|Any CPU.ActiveCfg = Debug|Any CPU
		{81862101-2BBD-41ED-A4E2-2011DBE4336B}.Debug|Any CPU.Build.0 = Debug|Any CPU
		{81862101-2BBD-41ED-A4E2-2011DBE4336B}.Debug|x64.ActiveCfg = Debug|Any CPU
		{81862101-2BBD-41ED-A4E2-2011DBE4336B}.Debug|x64.Build.0 = Debug|Any CPU
		{81862101-2BBD-41ED-A4E2-2011DBE4336B}.Debug|x86.ActiveCfg = Debug|Any CPU
		{81862101-2BBD-41ED-A4E2-2011DBE4336B}.Debug|x86.Build.0 = Debug|Any CPU
		{81862101-2BBD-41ED-A4E2-2011DBE4336B}.Release|Any CPU.ActiveCfg = Release|Any CPU
		{81862101-2BBD-41ED-A4E2-2011DBE4336B}.Release|Any CPU.Build.0 = Release|Any CPU
		{81862101-2BBD-41ED-A4E2-2011DBE4336B}.Release|x64.ActiveCfg = Release|Any CPU
		{81862101-2BBD-41ED-A4E2-2011DBE4336B}.Release|x64.Build.0 = Release|Any CPU
		{81862101-2BBD-41ED-A4E2-2011DBE4336B}.Release|x86.ActiveCfg = Release|Any CPU
		{81862101-2BBD-41ED-A4E2-2011DBE4336B}.Release|x86.Build.0 = Release|Any CPU
		{22203C05-0854-49BC-AF37-007C420B1657}.Debug|Any CPU.ActiveCfg = Debug|Any CPU
		{22203C05-0854-49BC-AF37-007C420B1657}.Debug|Any CPU.Build.0 = Debug|Any CPU
		{22203C05-0854-49BC-AF37-007C420B1657}.Debug|x64.ActiveCfg = Debug|Any CPU
		{22203C05-0854-49BC-AF37-007C420B1657}.Debug|x64.Build.0 = Debug|Any CPU
		{22203C05-0854-49BC-AF37-007C420B1657}.Debug|x86.ActiveCfg = Debug|Any CPU
		{22203C05-0854-49BC-AF37-007C420B1657}.Debug|x86.Build.0 = Debug|Any CPU
		{22203C05-0854-49BC-AF37-007C420B1657}.Release|Any CPU.ActiveCfg = Release|Any CPU
		{22203C05-0854-49BC-AF37-007C420B1657}.Release|Any CPU.Build.0 = Release|Any CPU
		{22203C05-0854-49BC-AF37-007C420B1657}.Release|x64.ActiveCfg = Release|Any CPU
		{22203C05-0854-49BC-AF37-007C420B1657}.Release|x64.Build.0 = Release|Any CPU
		{22203C05-0854-49BC-AF37-007C420B1657}.Release|x86.ActiveCfg = Release|Any CPU
		{22203C05-0854-49BC-AF37-007C420B1657}.Release|x86.Build.0 = Release|Any CPU
		{8B662431-093B-4A61-80E6-67A599D82E18}.Debug|Any CPU.ActiveCfg = Debug|Any CPU
		{8B662431-093B-4A61-80E6-67A599D82E18}.Debug|Any CPU.Build.0 = Debug|Any CPU
		{8B662431-093B-4A61-80E6-67A599D82E18}.Debug|x64.ActiveCfg = Debug|Any CPU
		{8B662431-093B-4A61-80E6-67A599D82E18}.Debug|x64.Build.0 = Debug|Any CPU
		{8B662431-093B-4A61-80E6-67A599D82E18}.Debug|x86.ActiveCfg = Debug|Any CPU
		{8B662431-093B-4A61-80E6-67A599D82E18}.Debug|x86.Build.0 = Debug|Any CPU
		{8B662431-093B-4A61-80E6-67A599D82E18}.Release|Any CPU.ActiveCfg = Release|Any CPU
		{8B662431-093B-4A61-80E6-67A599D82E18}.Release|Any CPU.Build.0 = Release|Any CPU
		{8B662431-093B-4A61-80E6-67A599D82E18}.Release|x64.ActiveCfg = Release|Any CPU
		{8B662431-093B-4A61-80E6-67A599D82E18}.Release|x64.Build.0 = Release|Any CPU
		{8B662431-093B-4A61-80E6-67A599D82E18}.Release|x86.ActiveCfg = Release|Any CPU
		{8B662431-093B-4A61-80E6-67A599D82E18}.Release|x86.Build.0 = Release|Any CPU
		{8D08BB6B-8AB4-41D1-AD06-D7A3591F6322}.Debug|Any CPU.ActiveCfg = Debug|Any CPU
		{8D08BB6B-8AB4-41D1-AD06-D7A3591F6322}.Debug|Any CPU.Build.0 = Debug|Any CPU
		{8D08BB6B-8AB4-41D1-AD06-D7A3591F6322}.Debug|x64.ActiveCfg = Debug|Any CPU
		{8D08BB6B-8AB4-41D1-AD06-D7A3591F6322}.Debug|x64.Build.0 = Debug|Any CPU
		{8D08BB6B-8AB4-41D1-AD06-D7A3591F6322}.Debug|x86.ActiveCfg = Debug|Any CPU
		{8D08BB6B-8AB4-41D1-AD06-D7A3591F6322}.Debug|x86.Build.0 = Debug|Any CPU
		{8D08BB6B-8AB4-41D1-AD06-D7A3591F6322}.Release|Any CPU.ActiveCfg = Release|Any CPU
		{8D08BB6B-8AB4-41D1-AD06-D7A3591F6322}.Release|Any CPU.Build.0 = Release|Any CPU
		{8D08BB6B-8AB4-41D1-AD06-D7A3591F6322}.Release|x64.ActiveCfg = Release|Any CPU
		{8D08BB6B-8AB4-41D1-AD06-D7A3591F6322}.Release|x64.Build.0 = Release|Any CPU
		{8D08BB6B-8AB4-41D1-AD06-D7A3591F6322}.Release|x86.ActiveCfg = Release|Any CPU
		{8D08BB6B-8AB4-41D1-AD06-D7A3591F6322}.Release|x86.Build.0 = Release|Any CPU
	EndGlobalSection
	GlobalSection(SolutionProperties) = preSolution
		HideSolutionNode = FALSE
	EndGlobalSection
EndGlobal
